
Microsoft Visual Studio Solution File, Format Version 12.00
# Visual Studio Version 16
VisualStudioVersion = 16.0.31624.102
MinimumVisualStudioVersion = 10.0.40219.1
Project("{FAE04EC0-301F-11D3-BF4B-00C04F79EFBC}") = "Impedance", "Impedance.csproj", "{574DB143-A287-4610-AD0A-72FD2A3F33FF}"
EndProject
Project("{FAE04EC0-301F-11D3-BF4B-00C04F79EFBC}") = "Approximation", "..\Approximation\Approximation.csproj", "{EDE2294D-E73B-41E0-95E3-C36E54B98EE0}"
EndProject
Global
	GlobalSection(SolutionConfigurationPlatforms) = preSolution
		Debug|Any CPU = Debug|Any CPU
		Release|Any CPU = Release|Any CPU
	EndGlobalSection
	GlobalSection(ProjectConfigurationPlatforms) = postSolution
		{574DB143-A287-4610-AD0A-72FD2A3F33FF}.Debug|Any CPU.ActiveCfg = Debug|Any CPU
		{574DB143-A287-4610-AD0A-72FD2A3F33FF}.Debug|Any CPU.Build.0 = Debug|Any CPU
		{574DB143-A287-4610-AD0A-72FD2A3F33FF}.Release|Any CPU.ActiveCfg = Release|Any CPU
		{574DB143-A287-4610-AD0A-72FD2A3F33FF}.Release|Any CPU.Build.0 = Release|Any CPU
		{EDE2294D-E73B-41E0-95E3-C36E54B98EE0}.Debug|Any CPU.ActiveCfg = Debug|Any CPU
		{EDE2294D-E73B-41E0-95E3-C36E54B98EE0}.Debug|Any CPU.Build.0 = Debug|Any CPU
		{EDE2294D-E73B-41E0-95E3-C36E54B98EE0}.Release|Any CPU.ActiveCfg = Release|Any CPU
		{EDE2294D-E73B-41E0-95E3-C36E54B98EE0}.Release|Any CPU.Build.0 = Release|Any CPU
	EndGlobalSection
	GlobalSection(SolutionProperties) = preSolution
		HideSolutionNode = FALSE
	EndGlobalSection
	GlobalSection(ExtensibilityGlobals) = postSolution
		SolutionGuid = {A7FC097D-0C97-4B32-9E36-B7C6C6789D08}
	EndGlobalSection
EndGlobal
